<?xml version="1.0" encoding="utf-8"?>
<Project ToolsVersion="4.0" xmlns="http://schemas.microsoft.com/developer/msbuild/2003">
  <!-- フィルタ -->
  <ItemGroup>
    <Filter Include="ゲーム">
      <UniqueIdentifier>{4FC737F1-C7A5-4376-A066-2A32D752A2FF}</UniqueIdentifier>
      <Extensions>cpp;h</Extensions>
    </Filter>
    <Filter Include="リソース">
      <UniqueIdentifier>{67DA6AB6-F800-4c08-8B7A-83BB121AAD01}</UniqueIdentifier>
      <Extensions>
      </Extensions>
    </Filter>
    <Filter Include="リソース\テクスチャ">
      <UniqueIdentifier>{655e5925-f892-4d8e-9ffd-a9288677e783}</UniqueIdentifier>
      <Extensions>bmp;png;gif;jpg;jpeg;jpe;cur;dlg;rc2;rct;bin;rgs;resx;tiff;tif;mfcribbon-ms</Extensions>
    </Filter>
    <Filter Include="リソース\音">
      <UniqueIdentifier>{0bbc1464-887f-45a8-9777-15cbd291435f}</UniqueIdentifier>
      <Extensions>wav;ogg;mp3</Extensions>
    </Filter>
    <Filter Include="リソース\アイコン">
      <UniqueIdentifier>{69b206f7-9aa0-43f7-b91f-2f5604903f67}</UniqueIdentifier>
      <Extensions>rc;ico</Extensions>
    </Filter>
    <Filter Include="リソース\フォント">
      <UniqueIdentifier>{e70a2ff4-85b3-4acd-a429-b908f1125170}</UniqueIdentifier>
      <Extensions>dft</Extensions>
    </Filter>
    <Filter Include="ライブラリ">
      <UniqueIdentifier>{3e1e3eaf-8a7a-4312-adfd-517513bb4b6d}</UniqueIdentifier>
    </Filter>
    <Filter Include="ライブラリ\ゲームライブラリ">
      <UniqueIdentifier>{7734c7ef-fb20-4977-b712-bf0712b1778c}</UniqueIdentifier>
    </Filter>
    <Filter Include="ライブラリ\ユーティリティ">
      <UniqueIdentifier>{daae40c7-ff74-47e6-98c1-472de706acab}</UniqueIdentifier>
    </Filter>
    <Filter Include="ゲーム\TitleScene">
      <UniqueIdentifier>{9f2394dc-4072-4180-afa4-74453c52ca96}</UniqueIdentifier>
    </Filter>
    <Filter Include="ゲーム\PlayScene">
      <UniqueIdentifier>{8dd9d1b2-1362-407f-a5b6-1a29f78e89be}</UniqueIdentifier>
    </Filter>
    <Filter Include="ゲーム\ResultScene">
      <UniqueIdentifier>{eaa98418-35ac-4cad-aac7-9eae4a40a3ba}</UniqueIdentifier>
    </Filter>
    <Filter Include="ゲーム\PlayScene\Player">
      <UniqueIdentifier>{10c21317-8352-4c0f-8e55-72e0322ac18a}</UniqueIdentifier>
    </Filter>
    <Filter Include="ゲーム\PlayScene\Stage">
      <UniqueIdentifier>{50c8faff-1701-44c1-87a3-93500b6cc605}</UniqueIdentifier>
    </Filter>
    <Filter Include="ゲーム\PlayScene\Enemy">
      <UniqueIdentifier>{062235d1-14dc-4c81-ac0e-4c15478582bc}</UniqueIdentifier>
    </Filter>
    <Filter Include="ゲーム\PlayScene\Enemy\Ghost">
      <UniqueIdentifier>{448ce592-bbd1-4561-b1dd-6c1849f8b909}</UniqueIdentifier>
    </Filter>
    <Filter Include="ゲーム\PlayScene\UI">
      <UniqueIdentifier>{7645f85e-78c0-4588-b718-de6cea070325}</UniqueIdentifier>
    </Filter>
    <Filter Include="ゲーム\DieScene">
      <UniqueIdentifier>{39eec419-78a3-4a62-a848-1a4215d36500}</UniqueIdentifier>
    </Filter>
    <Filter Include="ゲーム\DieScene\BladScreen">
      <UniqueIdentifier>{3d479905-1306-4eac-a335-357c44d9461a}</UniqueIdentifier>
    </Filter>
    <Filter Include="ゲーム\StageSelectScene">
      <UniqueIdentifier>{a8b157ab-5766-4bd1-bd9b-59ee8d010999}</UniqueIdentifier>
    </Filter>
    <Filter Include="ゲーム\GameData">
      <UniqueIdentifier>{1a8c3597-ca67-419a-a053-aea4a01e615b}</UniqueIdentifier>
    </Filter>
    <Filter Include="ゲーム\ScrollMessage">
      <UniqueIdentifier>{150e48e4-5ab2-4227-ba0c-5d7540c69efc}</UniqueIdentifier>
    </Filter>
    <Filter Include="ゲーム\PlayScene\Mask">
      <UniqueIdentifier>{40d15645-dbb1-407c-9d15-9efe5307b3fc}</UniqueIdentifier>
    </Filter>
    <Filter Include="ゲーム\Thutrial">
      <UniqueIdentifier>{8da1289b-a1d2-4da6-b673-061f6dfd7422}</UniqueIdentifier>
    </Filter>
    <Filter Include="ゲーム\Thutrial\Explanation">
      <UniqueIdentifier>{342e2b8d-9c86-4682-ac80-539a48c1b710}</UniqueIdentifier>
    </Filter>
    <Filter Include="ゲーム\PlayScene\Mist">
      <UniqueIdentifier>{3d450f90-a53e-460f-9175-bf2d6f60a52c}</UniqueIdentifier>
    </Filter>
    <Filter Include="ゲーム\Thutrial\Explanation\Resource">
      <UniqueIdentifier>{5ef81d89-cf81-4bcd-8f2a-6ba3416507fa}</UniqueIdentifier>
    </Filter>
  </ItemGroup>
  <!-- ソースファイル -->
  <ItemGroup>
    <ClCompile Include="WinMain.cpp" />
    <ClCompile Include="Libraries\GameLibrary\GameLibGraphics.cpp">
      <Filter>ライブラリ\ゲームライブラリ</Filter>
    </ClCompile>
    <ClCompile Include="Libraries\GameLibrary\GameLibInput.cpp">
      <Filter>ライブラリ\ゲームライブラリ</Filter>
    </ClCompile>
    <ClCompile Include="Libraries\GameLibrary\GameLibMath.cpp">
      <Filter>ライブラリ\ゲームライブラリ</Filter>
    </ClCompile>
    <ClCompile Include="Libraries\GameLibrary\GameLibSystem.cpp">
      <Filter>ライブラリ\ゲームライブラリ</Filter>
    </ClCompile>
    <ClCompile Include="Libraries\GameLibrary\GameLibTime.cpp">
      <Filter>ライブラリ\ゲームライブラリ</Filter>
    </ClCompile>
    <ClCompile Include="Game\GameMain.cpp">
      <Filter>ゲーム</Filter>
    </ClCompile>
    <ClCompile Include="Libraries\GameLibrary\GameLibSprite.cpp">
      <Filter>ライブラリ\ゲームライブラリ</Filter>
    </ClCompile>
    <ClCompile Include="Libraries\GameLibrary\GameLibFade.cpp">
      <Filter>ライブラリ\ゲームライブラリ</Filter>
    </ClCompile>
    <ClCompile Include="Game\TitleScene\TitleScene.cpp">
      <Filter>ゲーム\TitleScene</Filter>
    </ClCompile>
    <ClCompile Include="Game\PlayScene\PlayScene.cpp">
      <Filter>ゲーム\PlayScene</Filter>
    </ClCompile>
    <ClCompile Include="Game\ResultScene\ResultScene.cpp">
      <Filter>ゲーム\ResultScene</Filter>
    </ClCompile>
    <ClCompile Include="Game\PlayScene\Player\Player.cpp">
      <Filter>ゲーム\PlayScene\Player</Filter>
    </ClCompile>
    <ClCompile Include="Game\Resource\Resource.cpp">
      <Filter>ゲーム\Thutrial\Explanation\Resource</Filter>
    </ClCompile>
    <ClCompile Include="Game\PlayScene\Stage\Stage.cpp">
      <Filter>ゲーム\PlayScene\Stage</Filter>
    </ClCompile>
    <ClCompile Include="Game\PlayScene\Stage\Box.cpp">
      <Filter>ゲーム\PlayScene\Stage</Filter>
    </ClCompile>
    <ClCompile Include="Game\PlayScene\Enemy\Enemy.cpp">
      <Filter>ゲーム\PlayScene\Enemy</Filter>
    </ClCompile>
    <ClCompile Include="Game\PlayScene\Enemy\Ghost\Ghost1.cpp">
      <Filter>ゲーム\PlayScene\Enemy\Ghost</Filter>
    </ClCompile>
    <ClCompile Include="Game\PlayScene\Enemy\Ghost\ChaseGhost.cpp">
      <Filter>ゲーム\PlayScene\Enemy\Ghost</Filter>
    </ClCompile>
    <ClCompile Include="Game\PlayScene\Enemy\Ghost\ChaseGhostV2.cpp">
      <Filter>ゲーム\PlayScene\Enemy\Ghost</Filter>
    </ClCompile>
    <ClCompile Include="Game\PlayScene\UI\UI.cpp">
      <Filter>ゲーム\PlayScene\UI</Filter>
    </ClCompile>
    <ClCompile Include="Game\PlayScene\UI\HeartBeat.cpp">
      <Filter>ゲーム\PlayScene\UI</Filter>
    </ClCompile>
    <ClCompile Include="Game\PlayScene\UI\Key.cpp">
      <Filter>ゲーム\PlayScene\UI</Filter>
    </ClCompile>
    <ClCompile Include="Game\PlayScene\UI\TimerGuage.cpp">
      <Filter>ゲーム\PlayScene\UI</Filter>
    </ClCompile>
    <ClCompile Include="Game\DieScene\DieScene.cpp">
      <Filter>ゲーム\DieScene</Filter>
    </ClCompile>
    <ClCompile Include="Game\DieScene\Blood\Blood.cpp">
      <Filter>ゲーム\DieScene\BladScreen</Filter>
    </ClCompile>
    <ClCompile Include="Game\StageSelectScene\SSScene.cpp">
      <Filter>ゲーム\StageSelectScene</Filter>
    </ClCompile>
    <ClCompile Include="Game\GameData\GameData.cpp">
      <Filter>ゲーム\GameData</Filter>
    </ClCompile>
    <ClCompile Include="Game\PlayScene\Enemy\Ghost\Warp.cpp">
      <Filter>ゲーム\PlayScene\Enemy\Ghost</Filter>
    </ClCompile>
    <ClCompile Include="Game\PlayScene\UI\EnemyVoice.cpp">
      <Filter>ゲーム\PlayScene\UI</Filter>
    </ClCompile>
    <ClCompile Include="Game\ScroolMassage\ScrollMassage.cpp">
      <Filter>ゲーム\ScrollMessage</Filter>
    </ClCompile>
    <ClCompile Include="Game\PlayScene\Enemy\Ghost\Fire.cpp">
      <Filter>ゲーム\PlayScene\Enemy\Ghost</Filter>
    </ClCompile>
    <ClCompile Include="Game\PlayScene\Mask\Mask.cpp">
      <Filter>ゲーム\PlayScene\Mask</Filter>
    </ClCompile>
    <ClCompile Include="Game\Thutrial\Thutrial.cpp">
      <Filter>ゲーム\Thutrial</Filter>
    </ClCompile>
    <ClCompile Include="Game\Thutrial\Explanation\Explanation.cpp">
      <Filter>ゲーム\Thutrial\Explanation</Filter>
    </ClCompile>
    <ClCompile Include="Game\Thutrial\Explanation\BoxExplanation.cpp">
      <Filter>ゲーム\Thutrial\Explanation</Filter>
    </ClCompile>
    <ClCompile Include="Game\Thutrial\Explanation\EnemyExplanation.cpp">
      <Filter>ゲーム\Thutrial\Explanation</Filter>
    </ClCompile>
    <ClCompile Include="Game\Thutrial\Explanation\StageExplanation.cpp">
      <Filter>ゲーム\Thutrial\Explanation</Filter>
    </ClCompile>
    <ClCompile Include="Game\PlayScene\Mist\Mist.cpp">
      <Filter>ゲーム\PlayScene\Mist</Filter>
    </ClCompile>
    <ClCompile Include="Game\TitleScene\TitleLoad.cpp">
      <Filter>ゲーム\TitleScene</Filter>
    </ClCompile>
    <ClCompile Include="Game\StageSelectScene\EnemyNum.cpp">
      <Filter>ゲーム\StageSelectScene</Filter>
    </ClCompile>
    <ClCompile Include="Game\ResultScene\Score.cpp">
      <Filter>ゲーム\ResultScene</Filter>
    </ClCompile>
    <ClCompile Include="Game\PlayScene\Stage\Door.cpp">
      <Filter>ゲーム\PlayScene\Stage</Filter>
    </ClCompile>
    <ClCompile Include="Game\PlayScene\Stage\Doll.cpp">
      <Filter>ゲーム\PlayScene\Stage</Filter>
    </ClCompile>
    <ClCompile Include="Game\PlayScene\UI\DollNum.cpp">
      <Filter>ゲーム\PlayScene\UI</Filter>
    </ClCompile>
  </ItemGroup>
  <!-- ヘッダファイル -->
  <ItemGroup>
    <ClInclude Include="Libraries\GameLibrary\GameLib.h">
      <Filter>ライブラリ\ゲームライブラリ</Filter>
    </ClInclude>
    <ClInclude Include="Libraries\GameLibrary\GameLibMath.h">
      <Filter>ライブラリ\ゲームライブラリ</Filter>
    </ClInclude>
    <ClInclude Include="Libraries\GameLibrary\GameLibSystem.h">
      <Filter>ライブラリ\ゲームライブラリ</Filter>
    </ClInclude>
    <ClInclude Include="Libraries\GameLibrary\GameLibGraphics.h">
      <Filter>ライブラリ\ゲームライブラリ</Filter>
    </ClInclude>
    <ClInclude Include="Libraries\GameLibrary\GameLibInput.h">
      <Filter>ライブラリ\ゲームライブラリ</Filter>
    </ClInclude>
    <ClInclude Include="Libraries\GameLibrary\GameLibTime.h">
      <Filter>ライブラリ\ゲームライブラリ</Filter>
    </ClInclude>
    <ClInclude Include="Libraries\Utilities\MemoryLeakDetector.h">
      <Filter>ライブラリ\ユーティリティ</Filter>
    </ClInclude>
    <ClInclude Include="Game\GameMain.h">
      <Filter>ゲーム</Filter>
    </ClInclude>
    <ClInclude Include="Libraries\GameLibrary\GameLibSprite.h">
      <Filter>ライブラリ\ゲームライブラリ</Filter>
    </ClInclude>
    <ClInclude Include="Libraries\GameLibrary\GameLibFade.h">
      <Filter>ライブラリ\ゲームライブラリ</Filter>
    </ClInclude>
    <ClInclude Include="Game\TitleScene\TitleScene.h">
      <Filter>ゲーム\TitleScene</Filter>
    </ClInclude>
    <ClInclude Include="Game\IScene.h">
      <Filter>ゲーム</Filter>
    </ClInclude>
    <ClInclude Include="Game\PlayScene\PlayScene.h">
      <Filter>ゲーム\PlayScene</Filter>
    </ClInclude>
    <ClInclude Include="Game\Utility.h">
      <Filter>ゲーム</Filter>
    </ClInclude>
    <ClInclude Include="Game\ResultScene\ResultScene.h">
      <Filter>ゲーム\ResultScene</Filter>
    </ClInclude>
    <ClInclude Include="Game\Resource\Resource.h">
      <Filter>ゲーム\Thutrial\Explanation\Resource</Filter>
    </ClInclude>
    <ClInclude Include="Game\PlayScene\Stage\Stage.h">
      <Filter>ゲーム\PlayScene\Stage</Filter>
    </ClInclude>
    <ClInclude Include="Game\PlayScene\Player\Player.h">
      <Filter>ゲーム\PlayScene\Player</Filter>
    </ClInclude>
    <ClInclude Include="Game\PlayScene\Stage\Box.h">
      <Filter>ゲーム\PlayScene\Stage</Filter>
    </ClInclude>
    <ClInclude Include="Game\PlayScene\Enemy\Enemy.h">
      <Filter>ゲーム\PlayScene\Enemy</Filter>
    </ClInclude>
    <ClInclude Include="Game\PlayScene\Enemy\Ghost\ChaseGhost.h">
      <Filter>ゲーム\PlayScene\Enemy\Ghost</Filter>
    </ClInclude>
    <ClInclude Include="Game\PlayScene\Enemy\Ghost\Ghost1.h">
      <Filter>ゲーム\PlayScene\Enemy\Ghost</Filter>
    </ClInclude>
    <ClInclude Include="Game\PlayScene\Enemy\Ghost\ChaseGhostV2.h">
      <Filter>ゲーム\PlayScene\Enemy\Ghost</Filter>
    </ClInclude>
    <ClInclude Include="Game\PlayScene\UI\UI.h">
      <Filter>ゲーム\PlayScene\UI</Filter>
    </ClInclude>
    <ClInclude Include="Game\PlayScene\UI\HeartBeat.h">
      <Filter>ゲーム\PlayScene\UI</Filter>
    </ClInclude>
    <ClInclude Include="Game\PlayScene\UI\Key.h">
      <Filter>ゲーム\PlayScene\UI</Filter>
    </ClInclude>
    <ClInclude Include="Game\PlayScene\UI\TimerGuage.h">
      <Filter>ゲーム\PlayScene\UI</Filter>
    </ClInclude>
    <ClInclude Include="Game\DieScene\DieScene.h">
      <Filter>ゲーム\DieScene</Filter>
    </ClInclude>
    <ClInclude Include="Game\DieScene\Blood\Blood.h">
      <Filter>ゲーム\DieScene\BladScreen</Filter>
    </ClInclude>
    <ClInclude Include="Game\StageSelectScene\SSScene.h">
      <Filter>ゲーム\StageSelectScene</Filter>
    </ClInclude>
    <ClInclude Include="Game\GameData\GameData.h">
      <Filter>ゲーム\GameData</Filter>
    </ClInclude>
    <ClInclude Include="Game\PlayScene\UI\EnemyVoice.h">
      <Filter>ゲーム\PlayScene\UI</Filter>
    </ClInclude>
    <ClInclude Include="Game\ScroolMassage\ScrollMassage.h">
      <Filter>ゲーム\ScrollMessage</Filter>
    </ClInclude>
    <ClInclude Include="Game\PlayScene\Enemy\Ghost\Fire.h">
      <Filter>ゲーム\PlayScene\Enemy\Ghost</Filter>
    </ClInclude>
    <ClInclude Include="Game\PlayScene\Mask\Mask.h">
      <Filter>ゲーム\PlayScene\Mask</Filter>
    </ClInclude>
    <ClInclude Include="Game\Thutrial\Thutrial.h">
      <Filter>ゲーム\Thutrial</Filter>
    </ClInclude>
    <ClInclude Include="Game\Thutrial\Explanation\Explanation.h">
      <Filter>ゲーム\Thutrial\Explanation</Filter>
    </ClInclude>
    <ClInclude Include="Game\Thutrial\Explanation\BoxExplanation.h">
      <Filter>ゲーム\Thutrial\Explanation</Filter>
    </ClInclude>
    <ClInclude Include="Game\Thutrial\Explanation\EnemyExplanation.h">
      <Filter>ゲーム\Thutrial\Explanation</Filter>
    </ClInclude>
    <ClInclude Include="Game\Thutrial\Explanation\StageExplanation.h">
      <Filter>ゲーム\Thutrial\Explanation</Filter>
    </ClInclude>
    <ClInclude Include="Game\PlayScene\Mist\Mist.h">
      <Filter>ゲーム\PlayScene\Mist</Filter>
    </ClInclude>
    <ClInclude Include="Game\TitleScene\TitleLoad.h">
      <Filter>ゲーム\TitleScene</Filter>
    </ClInclude>
    <ClInclude Include="Game\StageSelectScene\EnemyNum.h">
      <Filter>ゲーム\StageSelectScene</Filter>
    </ClInclude>
    <ClInclude Include="Game\ResultScene\Score.h">
      <Filter>ゲーム\ResultScene</Filter>
    </ClInclude>
    <ClInclude Include="Game\PlayScene\Stage\Door.h">
      <Filter>ゲーム\PlayScene\Stage</Filter>
    </ClInclude>
    <ClInclude Include="Game\PlayScene\Enemy\Ghost\Warp.h">
      <Filter>ゲーム\PlayScene\Enemy\Ghost</Filter>
    </ClInclude>
    <ClInclude Include="Game\PlayScene\Stage\Doll.h">
      <Filter>ゲーム\PlayScene\Stage</Filter>
    </ClInclude>
    <ClInclude Include="Game\PlayScene\UI\DollNum.h">
      <Filter>ゲーム\PlayScene\UI</Filter>
    </ClInclude>
  </ItemGroup>
  <!-- リソースファイル -->
  <ItemGroup>
    <None Include="Resources\Audio\SE00.ogg">
      <Filter>リソース\音</Filter>
    </None>
    <None Include="Resources\Fonts\PongScore.dft">
      <Filter>リソース\フォント</Filter>
    </None>
    <ClInclude Include="Resources\Icon\Icon.h">
      <Filter>リソース\アイコン</Filter>
    </ClInclude>
    <Image Include="Resources\Icon\Icon.ico">
      <Filter>リソース\アイコン</Filter>
    </Image>
    <ResourceCompile Include="Resources\Icon\Icon.rc">
      <Filter>リソース\アイコン</Filter>
    </ResourceCompile>
    <Image Include="Resources\Textures\TridentLogo.png">
      <Filter>リソース\テクスチャ</Filter>
    </Image>
  </ItemGroup>
</Project>